// !$*UTF8*$!
{
	archiveVersion = 1;
	classes = {
	};
	objectVersion = 56;
	objects = {

/* Begin PBXBuildFile section */
		2A08D37F2CA6E16D00873435 /* UIBlockingProgressHUD.swift in Sources */ = {isa = PBXBuildFile; fileRef = 2A08D37E2CA6E16D00873435 /* UIBlockingProgressHUD.swift */; };
		2A08D3822CA715D800873435 /* Kingfisher in Frameworks */ = {isa = PBXBuildFile; productRef = 2A08D3812CA715D800873435 /* Kingfisher */; };
		2A08D3842CA74DDC00873435 /* ProfileService.swift in Sources */ = {isa = PBXBuildFile; fileRef = 2A08D3832CA74DDC00873435 /* ProfileService.swift */; };
		2A08D3872CAAE53600873435 /* SwiftKeychainWrapper in Frameworks */ = {isa = PBXBuildFile; productRef = 2A08D3862CAAE53600873435 /* SwiftKeychainWrapper */; };
		2A08D3892CAC7A0100873435 /* ProfileImageService.swift in Sources */ = {isa = PBXBuildFile; fileRef = 2A08D3882CAC7A0100873435 /* ProfileImageService.swift */; };
		2A6ED0672C89A92600CB4A0D /* ProfileViewController.swift in Sources */ = {isa = PBXBuildFile; fileRef = 2A6ED0662C89A92600CB4A0D /* ProfileViewController.swift */; };
		2A6ED0692C8A0DE900CB4A0D /* SingleImageViewController.swift in Sources */ = {isa = PBXBuildFile; fileRef = 2A6ED0682C8A0DE900CB4A0D /* SingleImageViewController.swift */; };
		2A90F29A2C8098E60007F7A2 /* AppDelegate.swift in Sources */ = {isa = PBXBuildFile; fileRef = 2A90F2992C8098E60007F7A2 /* AppDelegate.swift */; };
		2A90F29C2C8098E60007F7A2 /* SceneDelegate.swift in Sources */ = {isa = PBXBuildFile; fileRef = 2A90F29B2C8098E60007F7A2 /* SceneDelegate.swift */; };
		2A90F29E2C8098E60007F7A2 /* ImagesListViewController.swift in Sources */ = {isa = PBXBuildFile; fileRef = 2A90F29D2C8098E60007F7A2 /* ImagesListViewController.swift */; };
		2A90F2A12C8098E60007F7A2 /* Base in Resources */ = {isa = PBXBuildFile; fileRef = 2A90F2A02C8098E60007F7A2 /* Base */; };
		2A90F2A32C8098E70007F7A2 /* Assets.xcassets in Resources */ = {isa = PBXBuildFile; fileRef = 2A90F2A22C8098E70007F7A2 /* Assets.xcassets */; };
		2A90F2A62C8098E70007F7A2 /* Base in Resources */ = {isa = PBXBuildFile; fileRef = 2A90F2A52C8098E70007F7A2 /* Base */; };
		2A90F2AE2C821B7E0007F7A2 /* ImagesListCell.swift in Sources */ = {isa = PBXBuildFile; fileRef = 2A90F2AD2C821B7E0007F7A2 /* ImagesListCell.swift */; };
		2ACC2D532C98A30800392EEA /* AuthViewController.swift in Sources */ = {isa = PBXBuildFile; fileRef = 2ACC2D522C98A30800392EEA /* AuthViewController.swift */; };
		2ACC2D562C98EAAF00392EEA /* WebViewViewController.swift in Sources */ = {isa = PBXBuildFile; fileRef = 2ACC2D552C98EAAF00392EEA /* WebViewViewController.swift */; };
		2ACC2D582C9992B000392EEA /* Constants.swift in Sources */ = {isa = PBXBuildFile; fileRef = 2ACC2D572C9992B000392EEA /* Constants.swift */; };
		2ACC2D5A2C9D880F00392EEA /* OAuth2Service.swift in Sources */ = {isa = PBXBuildFile; fileRef = 2ACC2D592C9D880F00392EEA /* OAuth2Service.swift */; };
		2ACC2D5C2C9E1FDD00392EEA /* URLSession+data.swift in Sources */ = {isa = PBXBuildFile; fileRef = 2ACC2D5B2C9E1FDD00392EEA /* URLSession+data.swift */; };
		2ACC2D5F2C9F34FE00392EEA /* OAuth2TokenStorage.swift in Sources */ = {isa = PBXBuildFile; fileRef = 2ACC2D5E2C9F34FE00392EEA /* OAuth2TokenStorage.swift */; };
		2ACC2D612CA0B03F00392EEA /* SplashViewController.swift in Sources */ = {isa = PBXBuildFile; fileRef = 2ACC2D602CA0B03F00392EEA /* SplashViewController.swift */; };
		2ACC2D642CA1C1F300392EEA /* ProgressHUD in Frameworks */ = {isa = PBXBuildFile; productRef = 2ACC2D632CA1C1F300392EEA /* ProgressHUD */; };
/* End PBXBuildFile section */

/* Begin PBXFileReference section */
		2A08D37E2CA6E16D00873435 /* UIBlockingProgressHUD.swift */ = {isa = PBXFileReference; lastKnownFileType = sourcecode.swift; path = UIBlockingProgressHUD.swift; sourceTree = "<group>"; };
		2A08D3832CA74DDC00873435 /* ProfileService.swift */ = {isa = PBXFileReference; lastKnownFileType = sourcecode.swift; path = ProfileService.swift; sourceTree = "<group>"; };
		2A08D3882CAC7A0100873435 /* ProfileImageService.swift */ = {isa = PBXFileReference; lastKnownFileType = sourcecode.swift; path = ProfileImageService.swift; sourceTree = "<group>"; };
		2A6ED0662C89A92600CB4A0D /* ProfileViewController.swift */ = {isa = PBXFileReference; lastKnownFileType = sourcecode.swift; path = ProfileViewController.swift; sourceTree = "<group>"; };
		2A6ED0682C8A0DE900CB4A0D /* SingleImageViewController.swift */ = {isa = PBXFileReference; lastKnownFileType = sourcecode.swift; path = SingleImageViewController.swift; sourceTree = "<group>"; };
		2A90F2962C8098E60007F7A2 /* ImageFeed.app */ = {isa = PBXFileReference; explicitFileType = wrapper.application; includeInIndex = 0; path = ImageFeed.app; sourceTree = BUILT_PRODUCTS_DIR; };
		2A90F2992C8098E60007F7A2 /* AppDelegate.swift */ = {isa = PBXFileReference; lastKnownFileType = sourcecode.swift; path = AppDelegate.swift; sourceTree = "<group>"; };
		2A90F29B2C8098E60007F7A2 /* SceneDelegate.swift */ = {isa = PBXFileReference; lastKnownFileType = sourcecode.swift; path = SceneDelegate.swift; sourceTree = "<group>"; };
		2A90F29D2C8098E60007F7A2 /* ImagesListViewController.swift */ = {isa = PBXFileReference; lastKnownFileType = sourcecode.swift; path = ImagesListViewController.swift; sourceTree = "<group>"; };
		2A90F2A02C8098E60007F7A2 /* Base */ = {isa = PBXFileReference; lastKnownFileType = file.storyboard; name = Base; path = Base.lproj/Main.storyboard; sourceTree = "<group>"; };
		2A90F2A22C8098E70007F7A2 /* Assets.xcassets */ = {isa = PBXFileReference; lastKnownFileType = folder.assetcatalog; path = Assets.xcassets; sourceTree = "<group>"; };
		2A90F2A52C8098E70007F7A2 /* Base */ = {isa = PBXFileReference; lastKnownFileType = file.storyboard; name = Base; path = Base.lproj/LaunchScreen.storyboard; sourceTree = "<group>"; };
		2A90F2A72C8098E70007F7A2 /* Info.plist */ = {isa = PBXFileReference; lastKnownFileType = text.plist.xml; path = Info.plist; sourceTree = "<group>"; };
		2A90F2AD2C821B7E0007F7A2 /* ImagesListCell.swift */ = {isa = PBXFileReference; lastKnownFileType = sourcecode.swift; path = ImagesListCell.swift; sourceTree = "<group>"; };
		2ACC2D522C98A30800392EEA /* AuthViewController.swift */ = {isa = PBXFileReference; lastKnownFileType = sourcecode.swift; path = AuthViewController.swift; sourceTree = "<group>"; };
		2ACC2D552C98EAAF00392EEA /* WebViewViewController.swift */ = {isa = PBXFileReference; lastKnownFileType = sourcecode.swift; path = WebViewViewController.swift; sourceTree = "<group>"; };
		2ACC2D572C9992B000392EEA /* Constants.swift */ = {isa = PBXFileReference; lastKnownFileType = sourcecode.swift; path = Constants.swift; sourceTree = "<group>"; };
		2ACC2D592C9D880F00392EEA /* OAuth2Service.swift */ = {isa = PBXFileReference; lastKnownFileType = sourcecode.swift; path = OAuth2Service.swift; sourceTree = "<group>"; };
		2ACC2D5B2C9E1FDD00392EEA /* URLSession+data.swift */ = {isa = PBXFileReference; lastKnownFileType = sourcecode.swift; path = "URLSession+data.swift"; sourceTree = "<group>"; };
		2ACC2D5E2C9F34FE00392EEA /* OAuth2TokenStorage.swift */ = {isa = PBXFileReference; lastKnownFileType = sourcecode.swift; path = OAuth2TokenStorage.swift; sourceTree = "<group>"; };
		2ACC2D602CA0B03F00392EEA /* SplashViewController.swift */ = {isa = PBXFileReference; lastKnownFileType = sourcecode.swift; path = SplashViewController.swift; sourceTree = "<group>"; };
/* End PBXFileReference section */

/* Begin PBXFrameworksBuildPhase section */
		2A90F2932C8098E60007F7A2 /* Frameworks */ = {
			isa = PBXFrameworksBuildPhase;
			buildActionMask = 2147483647;
			files = (
				2A08D3822CA715D800873435 /* Kingfisher in Frameworks */,
				2ACC2D642CA1C1F300392EEA /* ProgressHUD in Frameworks */,
				2A08D3872CAAE53600873435 /* SwiftKeychainWrapper in Frameworks */,
			);
			runOnlyForDeploymentPostprocessing = 0;
		};
/* End PBXFrameworksBuildPhase section */

/* Begin PBXGroup section */
		2A90F28D2C8098E60007F7A2 = {
			isa = PBXGroup;
			children = (
				2A08D37E2CA6E16D00873435 /* UIBlockingProgressHUD.swift */,
				2ACC2D572C9992B000392EEA /* Constants.swift */,
				2A90F2982C8098E60007F7A2 /* ImageFeed */,
				2A90F2972C8098E60007F7A2 /* Products */,
			);
			sourceTree = "<group>";
		};
		2A90F2972C8098E60007F7A2 /* Products */ = {
			isa = PBXGroup;
			children = (
				2A90F2962C8098E60007F7A2 /* ImageFeed.app */,
			);
			name = Products;
			sourceTree = "<group>";
		};
		2A90F2982C8098E60007F7A2 /* ImageFeed */ = {
			isa = PBXGroup;
			children = (
				2ACC2D542C98E45500392EEA /* Auth */,
				2A90F2AF2C821BF20007F7A2 /* ImagesList */,
				2A90F2992C8098E60007F7A2 /* AppDelegate.swift */,
				2A90F29B2C8098E60007F7A2 /* SceneDelegate.swift */,
				2A90F29F2C8098E60007F7A2 /* Main.storyboard */,
				2ACC2D602CA0B03F00392EEA /* SplashViewController.swift */,
				2ACC2D5D2C9E1FEF00392EEA /* Services */,
				2A90F2A22C8098E70007F7A2 /* Assets.xcassets */,
				2A90F2A42C8098E70007F7A2 /* LaunchScreen.storyboard */,
				2A90F2A72C8098E70007F7A2 /* Info.plist */,
			);
			path = ImageFeed;
			sourceTree = "<group>";
		};
		2A90F2AF2C821BF20007F7A2 /* ImagesList */ = {
			isa = PBXGroup;
			children = (
				2A90F2AD2C821B7E0007F7A2 /* ImagesListCell.swift */,
				2A90F29D2C8098E60007F7A2 /* ImagesListViewController.swift */,
				2A6ED0662C89A92600CB4A0D /* ProfileViewController.swift */,
				2A6ED0682C8A0DE900CB4A0D /* SingleImageViewController.swift */,
			);
			path = ImagesList;
			sourceTree = "<group>";
		};
		2ACC2D542C98E45500392EEA /* Auth */ = {
			isa = PBXGroup;
			children = (
				2ACC2D592C9D880F00392EEA /* OAuth2Service.swift */,
				2ACC2D5E2C9F34FE00392EEA /* OAuth2TokenStorage.swift */,
				2ACC2D552C98EAAF00392EEA /* WebViewViewController.swift */,
				2ACC2D522C98A30800392EEA /* AuthViewController.swift */,
			);
			path = Auth;
			sourceTree = "<group>";
		};
		2ACC2D5D2C9E1FEF00392EEA /* Services */ = {
			isa = PBXGroup;
			children = (
				2A08D3832CA74DDC00873435 /* ProfileService.swift */,
				2ACC2D5B2C9E1FDD00392EEA /* URLSession+data.swift */,
				2A08D3882CAC7A0100873435 /* ProfileImageService.swift */,
			);
			path = Services;
			sourceTree = "<group>";
		};
/* End PBXGroup section */

/* Begin PBXNativeTarget section */
		2A90F2952C8098E60007F7A2 /* ImageFeed */ = {
			isa = PBXNativeTarget;
			buildConfigurationList = 2A90F2AA2C8098E70007F7A2 /* Build configuration list for PBXNativeTarget "ImageFeed" */;
			buildPhases = (
				2A90F2922C8098E60007F7A2 /* Sources */,
				2A90F2932C8098E60007F7A2 /* Frameworks */,
				2A90F2942C8098E60007F7A2 /* Resources */,
			);
			buildRules = (
			);
			dependencies = (
			);
			name = ImageFeed;
			packageProductDependencies = (
				2ACC2D632CA1C1F300392EEA /* ProgressHUD */,
				2A08D3812CA715D800873435 /* Kingfisher */,
				2A08D3862CAAE53600873435 /* SwiftKeychainWrapper */,
			);
			productName = ImageFeed;
			productReference = 2A90F2962C8098E60007F7A2 /* ImageFeed.app */;
			productType = "com.apple.product-type.application";
		};
/* End PBXNativeTarget section */

/* Begin PBXProject section */
		2A90F28E2C8098E60007F7A2 /* Project object */ = {
			isa = PBXProject;
			attributes = {
				BuildIndependentTargetsInParallel = 1;
				LastSwiftUpdateCheck = 1540;
				LastUpgradeCheck = 1540;
				TargetAttributes = {
					2A90F2952C8098E60007F7A2 = {
						CreatedOnToolsVersion = 15.4;
					};
				};
			};
			buildConfigurationList = 2A90F2912C8098E60007F7A2 /* Build configuration list for PBXProject "ImageFeed" */;
			compatibilityVersion = "Xcode 14.0";
			developmentRegion = en;
			hasScannedForEncodings = 0;
			knownRegions = (
				en,
				Base,
			);
			mainGroup = 2A90F28D2C8098E60007F7A2;
			packageReferences = (
				2ACC2D622CA1C1F300392EEA /* XCRemoteSwiftPackageReference "ProgressHUD" */,
				2A08D3802CA715D800873435 /* XCRemoteSwiftPackageReference "Kingfisher" */,
				2A08D3852CAAE53600873435 /* XCRemoteSwiftPackageReference "SwiftKeychainWrapper" */,
			);
			productRefGroup = 2A90F2972C8098E60007F7A2 /* Products */;
			projectDirPath = "";
			projectRoot = "";
			targets = (
				2A90F2952C8098E60007F7A2 /* ImageFeed */,
			);
		};
/* End PBXProject section */

/* Begin PBXResourcesBuildPhase section */
		2A90F2942C8098E60007F7A2 /* Resources */ = {
			isa = PBXResourcesBuildPhase;
			buildActionMask = 2147483647;
			files = (
				2A90F2A32C8098E70007F7A2 /* Assets.xcassets in Resources */,
				2A90F2A62C8098E70007F7A2 /* Base in Resources */,
				2A90F2A12C8098E60007F7A2 /* Base in Resources */,
			);
			runOnlyForDeploymentPostprocessing = 0;
		};
/* End PBXResourcesBuildPhase section */

/* Begin PBXSourcesBuildPhase section */
		2A90F2922C8098E60007F7A2 /* Sources */ = {
			isa = PBXSourcesBuildPhase;
			buildActionMask = 2147483647;
			files = (
				2ACC2D5F2C9F34FE00392EEA /* OAuth2TokenStorage.swift in Sources */,
				2A6ED0672C89A92600CB4A0D /* ProfileViewController.swift in Sources */,
				2A90F29E2C8098E60007F7A2 /* ImagesListViewController.swift in Sources */,
				2A90F2AE2C821B7E0007F7A2 /* ImagesListCell.swift in Sources */,
				2ACC2D532C98A30800392EEA /* AuthViewController.swift in Sources */,
				2A90F29A2C8098E60007F7A2 /* AppDelegate.swift in Sources */,
				2ACC2D612CA0B03F00392EEA /* SplashViewController.swift in Sources */,
				2A6ED0692C8A0DE900CB4A0D /* SingleImageViewController.swift in Sources */,
				2ACC2D562C98EAAF00392EEA /* WebViewViewController.swift in Sources */,
				2A08D3892CAC7A0100873435 /* ProfileImageService.swift in Sources */,
				2ACC2D5C2C9E1FDD00392EEA /* URLSession+data.swift in Sources */,
				2A90F29C2C8098E60007F7A2 /* SceneDelegate.swift in Sources */,
				2ACC2D5A2C9D880F00392EEA /* OAuth2Service.swift in Sources */,
				2ACC2D582C9992B000392EEA /* Constants.swift in Sources */,
				2A08D37F2CA6E16D00873435 /* UIBlockingProgressHUD.swift in Sources */,
				2A08D3842CA74DDC00873435 /* ProfileService.swift in Sources */,
			);
			runOnlyForDeploymentPostprocessing = 0;
		};
/* End PBXSourcesBuildPhase section */

/* Begin PBXVariantGroup section */
		2A90F29F2C8098E60007F7A2 /* Main.storyboard */ = {
			isa = PBXVariantGroup;
			children = (
				2A90F2A02C8098E60007F7A2 /* Base */,
			);
			name = Main.storyboard;
			sourceTree = "<group>";
		};
		2A90F2A42C8098E70007F7A2 /* LaunchScreen.storyboard */ = {
			isa = PBXVariantGroup;
			children = (
				2A90F2A52C8098E70007F7A2 /* Base */,
			);
			name = LaunchScreen.storyboard;
			sourceTree = "<group>";
		};
/* End PBXVariantGroup section */

/* Begin XCBuildConfiguration section */
		2A90F2A82C8098E70007F7A2 /* Debug */ = {
			isa = XCBuildConfiguration;
			buildSettings = {
				ALWAYS_SEARCH_USER_PATHS = NO;
				ASSETCATALOG_COMPILER_GENERATE_SWIFT_ASSET_SYMBOL_EXTENSIONS = YES;
				CLANG_ANALYZER_NONNULL = YES;
				CLANG_ANALYZER_NUMBER_OBJECT_CONVERSION = YES_AGGRESSIVE;
				CLANG_CXX_LANGUAGE_STANDARD = "gnu++20";
				CLANG_ENABLE_MODULES = YES;
				CLANG_ENABLE_OBJC_ARC = YES;
				CLANG_ENABLE_OBJC_WEAK = YES;
				CLANG_WARN_BLOCK_CAPTURE_AUTORELEASING = YES;
				CLANG_WARN_BOOL_CONVERSION = YES;
				CLANG_WARN_COMMA = YES;
				CLANG_WARN_CONSTANT_CONVERSION = YES;
				CLANG_WARN_DEPRECATED_OBJC_IMPLEMENTATIONS = YES;
				CLANG_WARN_DIRECT_OBJC_ISA_USAGE = YES_ERROR;
				CLANG_WARN_DOCUMENTATION_COMMENTS = YES;
				CLANG_WARN_EMPTY_BODY = YES;
				CLANG_WARN_ENUM_CONVERSION = YES;
				CLANG_WARN_INFINITE_RECURSION = YES;
				CLANG_WARN_INT_CONVERSION = YES;
				CLANG_WARN_NON_LITERAL_NULL_CONVERSION = YES;
				CLANG_WARN_OBJC_IMPLICIT_RETAIN_SELF = YES;
				CLANG_WARN_OBJC_LITERAL_CONVERSION = YES;
				CLANG_WARN_OBJC_ROOT_CLASS = YES_ERROR;
				CLANG_WARN_QUOTED_INCLUDE_IN_FRAMEWORK_HEADER = YES;
				CLANG_WARN_RANGE_LOOP_ANALYSIS = YES;
				CLANG_WARN_STRICT_PROTOTYPES = YES;
				CLANG_WARN_SUSPICIOUS_MOVE = YES;
				CLANG_WARN_UNGUARDED_AVAILABILITY = YES_AGGRESSIVE;
				CLANG_WARN_UNREACHABLE_CODE = YES;
				CLANG_WARN__DUPLICATE_METHOD_MATCH = YES;
				COPY_PHASE_STRIP = NO;
				DEBUG_INFORMATION_FORMAT = dwarf;
				ENABLE_STRICT_OBJC_MSGSEND = YES;
				ENABLE_TESTABILITY = YES;
				ENABLE_USER_SCRIPT_SANDBOXING = YES;
				GCC_C_LANGUAGE_STANDARD = gnu17;
				GCC_DYNAMIC_NO_PIC = NO;
				GCC_NO_COMMON_BLOCKS = YES;
				GCC_OPTIMIZATION_LEVEL = 0;
				GCC_PREPROCESSOR_DEFINITIONS = (
					"DEBUG=1",
					"$(inherited)",
				);
				GCC_WARN_64_TO_32_BIT_CONVERSION = YES;
				GCC_WARN_ABOUT_RETURN_TYPE = YES_ERROR;
				GCC_WARN_UNDECLARED_SELECTOR = YES;
				GCC_WARN_UNINITIALIZED_AUTOS = YES_AGGRESSIVE;
				GCC_WARN_UNUSED_FUNCTION = YES;
				GCC_WARN_UNUSED_VARIABLE = YES;
				IPHONEOS_DEPLOYMENT_TARGET = 17.5;
				LOCALIZATION_PREFERS_STRING_CATALOGS = YES;
				MTL_ENABLE_DEBUG_INFO = INCLUDE_SOURCE;
				MTL_FAST_MATH = YES;
				ONLY_ACTIVE_ARCH = YES;
				SDKROOT = iphoneos;
				SWIFT_ACTIVE_COMPILATION_CONDITIONS = "DEBUG $(inherited)";
				SWIFT_OPTIMIZATION_LEVEL = "-Onone";
			};
			name = Debug;
		};
		2A90F2A92C8098E70007F7A2 /* Release */ = {
			isa = XCBuildConfiguration;
			buildSettings = {
				ALWAYS_SEARCH_USER_PATHS = NO;
				ASSETCATALOG_COMPILER_GENERATE_SWIFT_ASSET_SYMBOL_EXTENSIONS = YES;
				CLANG_ANALYZER_NONNULL = YES;
				CLANG_ANALYZER_NUMBER_OBJECT_CONVERSION = YES_AGGRESSIVE;
				CLANG_CXX_LANGUAGE_STANDARD = "gnu++20";
				CLANG_ENABLE_MODULES = YES;
				CLANG_ENABLE_OBJC_ARC = YES;
				CLANG_ENABLE_OBJC_WEAK = YES;
				CLANG_WARN_BLOCK_CAPTURE_AUTORELEASING = YES;
				CLANG_WARN_BOOL_CONVERSION = YES;
				CLANG_WARN_COMMA = YES;
				CLANG_WARN_CONSTANT_CONVERSION = YES;
				CLANG_WARN_DEPRECATED_OBJC_IMPLEMENTATIONS = YES;
				CLANG_WARN_DIRECT_OBJC_ISA_USAGE = YES_ERROR;
				CLANG_WARN_DOCUMENTATION_COMMENTS = YES;
				CLANG_WARN_EMPTY_BODY = YES;
				CLANG_WARN_ENUM_CONVERSION = YES;
				CLANG_WARN_INFINITE_RECURSION = YES;
				CLANG_WARN_INT_CONVERSION = YES;
				CLANG_WARN_NON_LITERAL_NULL_CONVERSION = YES;
				CLANG_WARN_OBJC_IMPLICIT_RETAIN_SELF = YES;
				CLANG_WARN_OBJC_LITERAL_CONVERSION = YES;
				CLANG_WARN_OBJC_ROOT_CLASS = YES_ERROR;
				CLANG_WARN_QUOTED_INCLUDE_IN_FRAMEWORK_HEADER = YES;
				CLANG_WARN_RANGE_LOOP_ANALYSIS = YES;
				CLANG_WARN_STRICT_PROTOTYPES = YES;
				CLANG_WARN_SUSPICIOUS_MOVE = YES;
				CLANG_WARN_UNGUARDED_AVAILABILITY = YES_AGGRESSIVE;
				CLANG_WARN_UNREACHABLE_CODE = YES;
				CLANG_WARN__DUPLICATE_METHOD_MATCH = YES;
				COPY_PHASE_STRIP = NO;
				DEBUG_INFORMATION_FORMAT = "dwarf-with-dsym";
				ENABLE_NS_ASSERTIONS = NO;
				ENABLE_STRICT_OBJC_MSGSEND = YES;
				ENABLE_USER_SCRIPT_SANDBOXING = YES;
				GCC_C_LANGUAGE_STANDARD = gnu17;
				GCC_NO_COMMON_BLOCKS = YES;
				GCC_WARN_64_TO_32_BIT_CONVERSION = YES;
				GCC_WARN_ABOUT_RETURN_TYPE = YES_ERROR;
				GCC_WARN_UNDECLARED_SELECTOR = YES;
				GCC_WARN_UNINITIALIZED_AUTOS = YES_AGGRESSIVE;
				GCC_WARN_UNUSED_FUNCTION = YES;
				GCC_WARN_UNUSED_VARIABLE = YES;
				IPHONEOS_DEPLOYMENT_TARGET = 17.5;
				LOCALIZATION_PREFERS_STRING_CATALOGS = YES;
				MTL_ENABLE_DEBUG_INFO = NO;
				MTL_FAST_MATH = YES;
				SDKROOT = iphoneos;
				SWIFT_COMPILATION_MODE = wholemodule;
				VALIDATE_PRODUCT = YES;
			};
			name = Release;
		};
		2A90F2AB2C8098E70007F7A2 /* Debug */ = {
			isa = XCBuildConfiguration;
			buildSettings = {
				ASSETCATALOG_COMPILER_APPICON_NAME = AppIcon;
				ASSETCATALOG_COMPILER_GLOBAL_ACCENT_COLOR_NAME = AccentColor;
				CODE_SIGN_STYLE = Automatic;
				CURRENT_PROJECT_VERSION = 1;
				DEVELOPMENT_TEAM = C4AF6DCFK6;
				GENERATE_INFOPLIST_FILE = YES;
				INFOPLIST_FILE = ImageFeed/Info.plist;
				INFOPLIST_KEY_UIApplicationSupportsIndirectInputEvents = YES;
				INFOPLIST_KEY_UILaunchStoryboardName = LaunchScreen;
				INFOPLIST_KEY_UIMainStoryboardFile = Main;
				INFOPLIST_KEY_UISupportedInterfaceOrientations = UIInterfaceOrientationPortrait;
				INFOPLIST_KEY_UISupportedInterfaceOrientations_iPad = "UIInterfaceOrientationLandscapeLeft UIInterfaceOrientationLandscapeRight UIInterfaceOrientationPortrait";
				IPHONEOS_DEPLOYMENT_TARGET = 13.0;
				LD_RUNPATH_SEARCH_PATHS = (
					"$(inherited)",
					"@executable_path/Frameworks",
				);
				MARKETING_VERSION = 1.0;
				PRODUCT_BUNDLE_IDENTIFIER = ru.telnov.sergey.ImageFeed;
				PRODUCT_NAME = "$(TARGET_NAME)";
				SUPPORTED_PLATFORMS = "iphoneos iphonesimulator";
				SUPPORTS_MACCATALYST = NO;
				SUPPORTS_XR_DESIGNED_FOR_IPHONE_IPAD = NO;
				SWIFT_EMIT_LOC_STRINGS = YES;
				SWIFT_VERSION = 5.0;
				TARGETED_DEVICE_FAMILY = 1;
			};
			name = Debug;
		};
		2A90F2AC2C8098E70007F7A2 /* Release */ = {
			isa = XCBuildConfiguration;
			buildSettings = {
				ASSETCATALOG_COMPILER_APPICON_NAME = AppIcon;
				ASSETCATALOG_COMPILER_GLOBAL_ACCENT_COLOR_NAME = AccentColor;
				CODE_SIGN_STYLE = Automatic;
				CURRENT_PROJECT_VERSION = 1;
				DEVELOPMENT_TEAM = C4AF6DCFK6;
				GENERATE_INFOPLIST_FILE = YES;
				INFOPLIST_FILE = ImageFeed/Info.plist;
				INFOPLIST_KEY_UIApplicationSupportsIndirectInputEvents = YES;
				INFOPLIST_KEY_UILaunchStoryboardName = LaunchScreen;
				INFOPLIST_KEY_UIMainStoryboardFile = Main;
				INFOPLIST_KEY_UISupportedInterfaceOrientations = UIInterfaceOrientationPortrait;
				INFOPLIST_KEY_UISupportedInterfaceOrientations_iPad = "UIInterfaceOrientationLandscapeLeft UIInterfaceOrientationLandscapeRight UIInterfaceOrientationPortrait";
				IPHONEOS_DEPLOYMENT_TARGET = 13.0;
				LD_RUNPATH_SEARCH_PATHS = (
					"$(inherited)",
					"@executable_path/Frameworks",
				);
				MARKETING_VERSION = 1.0;
				PRODUCT_BUNDLE_IDENTIFIER = ru.telnov.sergey.ImageFeed;
				PRODUCT_NAME = "$(TARGET_NAME)";
				SUPPORTED_PLATFORMS = "iphoneos iphonesimulator";
				SUPPORTS_MACCATALYST = NO;
				SUPPORTS_XR_DESIGNED_FOR_IPHONE_IPAD = NO;
				SWIFT_EMIT_LOC_STRINGS = YES;
				SWIFT_VERSION = 5.0;
				TARGETED_DEVICE_FAMILY = 1;
			};
			name = Release;
		};
/* End XCBuildConfiguration section */

/* Begin XCConfigurationList section */
		2A90F2912C8098E60007F7A2 /* Build configuration list for PBXProject "ImageFeed" */ = {
			isa = XCConfigurationList;
			buildConfigurations = (
				2A90F2A82C8098E70007F7A2 /* Debug */,
				2A90F2A92C8098E70007F7A2 /* Release */,
			);
			defaultConfigurationIsVisible = 0;
			defaultConfigurationName = Release;
		};
		2A90F2AA2C8098E70007F7A2 /* Build configuration list for PBXNativeTarget "ImageFeed" */ = {
			isa = XCConfigurationList;
			buildConfigurations = (
				2A90F2AB2C8098E70007F7A2 /* Debug */,
				2A90F2AC2C8098E70007F7A2 /* Release */,
			);
			defaultConfigurationIsVisible = 0;
			defaultConfigurationName = Release;
		};
/* End XCConfigurationList section */

/* Begin XCRemoteSwiftPackageReference section */
		2A08D3802CA715D800873435 /* XCRemoteSwiftPackageReference "Kingfisher" */ = {
			isa = XCRemoteSwiftPackageReference;
			repositoryURL = "https://github.com/onevcat/Kingfisher";
			requirement = {
				kind = upToNextMajorVersion;
				minimumVersion = 8.0.3;
			};
		};
		2A08D3852CAAE53600873435 /* XCRemoteSwiftPackageReference "SwiftKeychainWrapper" */ = {
			isa = XCRemoteSwiftPackageReference;
			repositoryURL = "https://github.com/jrendel/SwiftKeychainWrapper";
			requirement = {
				kind = upToNextMajorVersion;
				minimumVersion = 4.0.1;
			};
		};
		2ACC2D622CA1C1F300392EEA /* XCRemoteSwiftPackageReference "ProgressHUD" */ = {
			isa = XCRemoteSwiftPackageReference;
			repositoryURL = "https://github.com/relatedcode/ProgressHUD";
			requirement = {
				kind = upToNextMajorVersion;
				minimumVersion = 14.1.3;
			};
		};
/* End XCRemoteSwiftPackageReference section */

/* Begin XCSwiftPackageProductDependency section */
		2A08D3812CA715D800873435 /* Kingfisher */ = {
			isa = XCSwiftPackageProductDependency;
			package = 2A08D3802CA715D800873435 /* XCRemoteSwiftPackageReference "Kingfisher" */;
			productName = Kingfisher;
		};
		2A08D3862CAAE53600873435 /* SwiftKeychainWrapper */ = {
			isa = XCSwiftPackageProductDependency;
			package = 2A08D3852CAAE53600873435 /* XCRemoteSwiftPackageReference "SwiftKeychainWrapper" */;
			productName = SwiftKeychainWrapper;
		};
		2ACC2D632CA1C1F300392EEA /* ProgressHUD */ = {
			isa = XCSwiftPackageProductDependency;
			package = 2ACC2D622CA1C1F300392EEA /* XCRemoteSwiftPackageReference "ProgressHUD" */;
			productName = ProgressHUD;
		};
/* End XCSwiftPackageProductDependency section */
	};
	rootObject = 2A90F28E2C8098E60007F7A2 /* Project object */;
}
